
Microsoft Visual Studio Solution File, Format Version 12.00
# Visual Studio Version 16
VisualStudioVersion = 16.0.30804.86
MinimumVisualStudioVersion = 10.0.40219.1
Project("{9A19103F-16F7-4668-BE54-9A1E7A4F7556}") = "1. Reverse Strings", "1. Reverse Strings\1. Reverse Strings.csproj", "{3FB5F7AA-6512-4B2A-B341-2A3581E7F0F6}"
EndProject
Project("{9A19103F-16F7-4668-BE54-9A1E7A4F7556}") = "2. Stack Sum", "2. Stack Sum\2. Stack Sum.csproj", "{023A55ED-0407-42CC-96F7-0AE0B26186CC}"
EndProject
Project("{9A19103F-16F7-4668-BE54-9A1E7A4F7556}") = "3. Simple Calculator", "3. Simple Calculator\3. Simple Calculator.csproj", "{4F44B08D-3B6B-4DD7-9009-823EB1567778}"
EndProject
Project("{FAE04EC0-301F-11D3-BF4B-00C04F79EFBC}") = "4. Matching Brackets", "4. Matching Brackets\4. Matching Brackets.csproj", "{FB32CB63-0443-49C6-A46A-AD45E0143E84}"
EndProject
Project("{FAE04EC0-301F-11D3-BF4B-00C04F79EFBC}") = "5. Print Even Numbers", "5. Print Even Numbers\5. Print Even Numbers.csproj", "{56A464C7-F666-494A-A063-A4CA499BD946}"
EndProject
Project("{FAE04EC0-301F-11D3-BF4B-00C04F79EFBC}") = "6. Supermarket", "6. Supermarket\6. Supermarket.csproj", "{CF31B2FB-B4D9-41E8-9609-EF89A1D0364A}"
EndProject
Project("{FAE04EC0-301F-11D3-BF4B-00C04F79EFBC}") = "7. Hot Potato", "7. Hot Potato\7. Hot Potato.csproj", "{3B137741-1935-4B87-A0CD-978192E91B1E}"
EndProject
Project("{FAE04EC0-301F-11D3-BF4B-00C04F79EFBC}") = "8. Traffic Jam", "8. Traffic Jam\8. Traffic Jam.csproj", "{8140597F-A3CA-4A47-B6FC-CB167CE5EEE1}"
EndProject
Global
	GlobalSection(SolutionConfigurationPlatforms) = preSolution
		Debug|Any CPU = Debug|Any CPU
		Release|Any CPU = Release|Any CPU
	EndGlobalSection
	GlobalSection(ProjectConfigurationPlatforms) = postSolution
		{3FB5F7AA-6512-4B2A-B341-2A3581E7F0F6}.Debug|Any CPU.ActiveCfg = Debug|Any CPU
		{3FB5F7AA-6512-4B2A-B341-2A3581E7F0F6}.Debug|Any CPU.Build.0 = Debug|Any CPU
		{3FB5F7AA-6512-4B2A-B341-2A3581E7F0F6}.Release|Any CPU.ActiveCfg = Release|Any CPU
		{3FB5F7AA-6512-4B2A-B341-2A3581E7F0F6}.Release|Any CPU.Build.0 = Release|Any CPU
		{023A55ED-0407-42CC-96F7-0AE0B26186CC}.Debug|Any CPU.ActiveCfg = Debug|Any CPU
		{023A55ED-0407-42CC-96F7-0AE0B26186CC}.Debug|Any CPU.Build.0 = Debug|Any CPU
		{023A55ED-0407-42CC-96F7-0AE0B26186CC}.Release|Any CPU.ActiveCfg = Release|Any CPU
		{023A55ED-0407-42CC-96F7-0AE0B26186CC}.Release|Any CPU.Build.0 = Release|Any CPU
		{4F44B08D-3B6B-4DD7-9009-823EB1567778}.Debug|Any CPU.ActiveCfg = Debug|Any CPU
		{4F44B08D-3B6B-4DD7-9009-823EB1567778}.Debug|Any CPU.Build.0 = Debug|Any CPU
		{4F44B08D-3B6B-4DD7-9009-823EB1567778}.Release|Any CPU.ActiveCfg = Release|Any CPU
		{4F44B08D-3B6B-4DD7-9009-823EB1567778}.Release|Any CPU.Build.0 = Release|Any CPU
		{FB32CB63-0443-49C6-A46A-AD45E0143E84}.Debug|Any CPU.ActiveCfg = Debug|Any CPU
		{FB32CB63-0443-49C6-A46A-AD45E0143E84}.Debug|Any CPU.Build.0 = Debug|Any CPU
		{FB32CB63-0443-49C6-A46A-AD45E0143E84}.Release|Any CPU.ActiveCfg = Release|Any CPU
		{FB32CB63-0443-49C6-A46A-AD45E0143E84}.Release|Any CPU.Build.0 = Release|Any CPU
		{56A464C7-F666-494A-A063-A4CA499BD946}.Debug|Any CPU.ActiveCfg = Debug|Any CPU
		{56A464C7-F666-494A-A063-A4CA499BD946}.Debug|Any CPU.Build.0 = Debug|Any CPU
		{56A464C7-F666-494A-A063-A4CA499BD946}.Release|Any CPU.ActiveCfg = Release|Any CPU
		{56A464C7-F666-494A-A063-A4CA499BD946}.Release|Any CPU.Build.0 = Release|Any CPU
		{CF31B2FB-B4D9-41E8-9609-EF89A1D0364A}.Debug|Any CPU.ActiveCfg = Debug|Any CPU
		{CF31B2FB-B4D9-41E8-9609-EF89A1D0364A}.Debug|Any CPU.Build.0 = Debug|Any CPU
		{CF31B2FB-B4D9-41E8-9609-EF89A1D0364A}.Release|Any CPU.ActiveCfg = Release|Any CPU
		{CF31B2FB-B4D9-41E8-9609-EF89A1D0364A}.Release|Any CPU.Build.0 = Release|Any CPU
		{3B137741-1935-4B87-A0CD-978192E91B1E}.Debug|Any CPU.ActiveCfg = Debug|Any CPU
		{3B137741-1935-4B87-A0CD-978192E91B1E}.Debug|Any CPU.Build.0 = Debug|Any CPU
		{3B137741-1935-4B87-A0CD-978192E91B1E}.Release|Any CPU.ActiveCfg = Release|Any CPU
		{3B137741-1935-4B87-A0CD-978192E91B1E}.Release|Any CPU.Build.0 = Release|Any CPU
		{8140597F-A3CA-4A47-B6FC-CB167CE5EEE1}.Debug|Any CPU.ActiveCfg = Debug|Any CPU
		{8140597F-A3CA-4A47-B6FC-CB167CE5EEE1}.Debug|Any CPU.Build.0 = Debug|Any CPU
		{8140597F-A3CA-4A47-B6FC-CB167CE5EEE1}.Release|Any CPU.ActiveCfg = Release|Any CPU
		{8140597F-A3CA-4A47-B6FC-CB167CE5EEE1}.Release|Any CPU.Build.0 = Release|Any CPU
	EndGlobalSection
	GlobalSection(SolutionProperties) = preSolution
		HideSolutionNode = FALSE
	EndGlobalSection
	GlobalSection(ExtensibilityGlobals) = postSolution
		SolutionGuid = {E4785C2E-EB9F-4315-B0AE-6D305CDFABA2}
	EndGlobalSection
EndGlobal
