
Microsoft Visual Studio Solution File, Format Version 12.00
# Visual Studio Version 16
VisualStudioVersion = 16.0.31313.79
MinimumVisualStudioVersion = 10.0.40219.1
Project("{FAE04EC0-301F-11D3-BF4B-00C04F79EFBC}") = "Operations", "Operations\Operations.csproj", "{38A4881C-55ED-4CC8-8CC2-6D25568E76B2}"
EndProject
Project("{FAE04EC0-301F-11D3-BF4B-00C04F79EFBC}") = "Animals", "Animals\Animals.csproj", "{731C3628-C8C6-43AA-BECA-10F6824296D5}"
EndProject
Project("{FAE04EC0-301F-11D3-BF4B-00C04F79EFBC}") = "Shapes", "Shapes\Shapes.csproj", "{B9FCDE2E-4AA6-47EC-9F1D-EEDA31E29B3F}"
EndProject
Global
	GlobalSection(SolutionConfigurationPlatforms) = preSolution
		Debug|Any CPU = Debug|Any CPU
		Release|Any CPU = Release|Any CPU
	EndGlobalSection
	GlobalSection(ProjectConfigurationPlatforms) = postSolution
		{38A4881C-55ED-4CC8-8CC2-6D25568E76B2}.Debug|Any CPU.ActiveCfg = Debug|Any CPU
		{38A4881C-55ED-4CC8-8CC2-6D25568E76B2}.Debug|Any CPU.Build.0 = Debug|Any CPU
		{38A4881C-55ED-4CC8-8CC2-6D25568E76B2}.Release|Any CPU.ActiveCfg = Release|Any CPU
		{38A4881C-55ED-4CC8-8CC2-6D25568E76B2}.Release|Any CPU.Build.0 = Release|Any CPU
		{731C3628-C8C6-43AA-BECA-10F6824296D5}.Debug|Any CPU.ActiveCfg = Debug|Any CPU
		{731C3628-C8C6-43AA-BECA-10F6824296D5}.Debug|Any CPU.Build.0 = Debug|Any CPU
		{731C3628-C8C6-43AA-BECA-10F6824296D5}.Release|Any CPU.ActiveCfg = Release|Any CPU
		{731C3628-C8C6-43AA-BECA-10F6824296D5}.Release|Any CPU.Build.0 = Release|Any CPU
		{B9FCDE2E-4AA6-47EC-9F1D-EEDA31E29B3F}.Debug|Any CPU.ActiveCfg = Debug|Any CPU
		{B9FCDE2E-4AA6-47EC-9F1D-EEDA31E29B3F}.Debug|Any CPU.Build.0 = Debug|Any CPU
		{B9FCDE2E-4AA6-47EC-9F1D-EEDA31E29B3F}.Release|Any CPU.ActiveCfg = Release|Any CPU
		{B9FCDE2E-4AA6-47EC-9F1D-EEDA31E29B3F}.Release|Any CPU.Build.0 = Release|Any CPU
	EndGlobalSection
	GlobalSection(SolutionProperties) = preSolution
		HideSolutionNode = FALSE
	EndGlobalSection
	GlobalSection(ExtensibilityGlobals) = postSolution
		SolutionGuid = {F156B36F-7782-4A7D-81BA-0C9DE2777E93}
	EndGlobalSection
EndGlobal
