
Microsoft Visual Studio Solution File, Format Version 12.00
# Visual Studio Version 16
VisualStudioVersion = 16.0.31313.79
MinimumVisualStudioVersion = 10.0.40219.1
Project("{9A19103F-16F7-4668-BE54-9A1E7A4F7556}") = "CommandPattern", "CommandPattern\CommandPattern.csproj", "{EB924D0E-9ED3-4744-BAB8-81E300C91F7A}"
EndProject
Project("{9A19103F-16F7-4668-BE54-9A1E7A4F7556}") = "ValidationAttributes", "ValidationAttributes\ValidationAttributes.csproj", "{8454D5CF-CB2E-43A0-A940-28BDAC7123BA}"
EndProject
Global
	GlobalSection(SolutionConfigurationPlatforms) = preSolution
		Debug|Any CPU = Debug|Any CPU
		Release|Any CPU = Release|Any CPU
	EndGlobalSection
	GlobalSection(ProjectConfigurationPlatforms) = postSolution
		{EB924D0E-9ED3-4744-BAB8-81E300C91F7A}.Debug|Any CPU.ActiveCfg = Debug|Any CPU
		{EB924D0E-9ED3-4744-BAB8-81E300C91F7A}.Debug|Any CPU.Build.0 = Debug|Any CPU
		{EB924D0E-9ED3-4744-BAB8-81E300C91F7A}.Release|Any CPU.ActiveCfg = Release|Any CPU
		{EB924D0E-9ED3-4744-BAB8-81E300C91F7A}.Release|Any CPU.Build.0 = Release|Any CPU
		{8454D5CF-CB2E-43A0-A940-28BDAC7123BA}.Debug|Any CPU.ActiveCfg = Debug|Any CPU
		{8454D5CF-CB2E-43A0-A940-28BDAC7123BA}.Debug|Any CPU.Build.0 = Debug|Any CPU
		{8454D5CF-CB2E-43A0-A940-28BDAC7123BA}.Release|Any CPU.ActiveCfg = Release|Any CPU
		{8454D5CF-CB2E-43A0-A940-28BDAC7123BA}.Release|Any CPU.Build.0 = Release|Any CPU
	EndGlobalSection
	GlobalSection(SolutionProperties) = preSolution
		HideSolutionNode = FALSE
	EndGlobalSection
	GlobalSection(ExtensibilityGlobals) = postSolution
		SolutionGuid = {114BD671-BCE0-44A1-8F44-C5A2EE271E42}
	EndGlobalSection
EndGlobal
