
Microsoft Visual Studio Solution File, Format Version 12.00
# Visual Studio Version 16
VisualStudioVersion = 16.0.31313.79
MinimumVisualStudioVersion = 10.0.40219.1
Project("{9A19103F-16F7-4668-BE54-9A1E7A4F7556}") = "PersonInfo", "PersonInfo\PersonInfo.csproj", "{B26ACE41-C6C8-4483-BCFB-B036D5846640}"
EndProject
Project("{9A19103F-16F7-4668-BE54-9A1E7A4F7556}") = "Telephony", "Telephony\Telephony.csproj", "{8494EB56-9474-4E59-91EF-CCCC84F05467}"
EndProject
Project("{9A19103F-16F7-4668-BE54-9A1E7A4F7556}") = "BorderControl", "BorderControl\BorderControl.csproj", "{7018E69F-E64C-47BC-AAD1-D238648C4B63}"
EndProject
Project("{FAE04EC0-301F-11D3-BF4B-00C04F79EFBC}") = "MilitaryElite", "MilitaryElite\MilitaryElite.csproj", "{813F93C8-17B1-4D88-8EA1-ED2E8EB154E0}"
EndProject
Project("{FAE04EC0-301F-11D3-BF4B-00C04F79EFBC}") = "CollectionHierarchy", "CollectionHierarchy\CollectionHierarchy.csproj", "{D4465C2B-3ABD-4C51-A0AF-0D9C831F6193}"
EndProject
Global
	GlobalSection(SolutionConfigurationPlatforms) = preSolution
		Debug|Any CPU = Debug|Any CPU
		Release|Any CPU = Release|Any CPU
	EndGlobalSection
	GlobalSection(ProjectConfigurationPlatforms) = postSolution
		{B26ACE41-C6C8-4483-BCFB-B036D5846640}.Debug|Any CPU.ActiveCfg = Debug|Any CPU
		{B26ACE41-C6C8-4483-BCFB-B036D5846640}.Debug|Any CPU.Build.0 = Debug|Any CPU
		{B26ACE41-C6C8-4483-BCFB-B036D5846640}.Release|Any CPU.ActiveCfg = Release|Any CPU
		{B26ACE41-C6C8-4483-BCFB-B036D5846640}.Release|Any CPU.Build.0 = Release|Any CPU
		{8494EB56-9474-4E59-91EF-CCCC84F05467}.Debug|Any CPU.ActiveCfg = Debug|Any CPU
		{8494EB56-9474-4E59-91EF-CCCC84F05467}.Debug|Any CPU.Build.0 = Debug|Any CPU
		{8494EB56-9474-4E59-91EF-CCCC84F05467}.Release|Any CPU.ActiveCfg = Release|Any CPU
		{8494EB56-9474-4E59-91EF-CCCC84F05467}.Release|Any CPU.Build.0 = Release|Any CPU
		{7018E69F-E64C-47BC-AAD1-D238648C4B63}.Debug|Any CPU.ActiveCfg = Debug|Any CPU
		{7018E69F-E64C-47BC-AAD1-D238648C4B63}.Debug|Any CPU.Build.0 = Debug|Any CPU
		{7018E69F-E64C-47BC-AAD1-D238648C4B63}.Release|Any CPU.ActiveCfg = Release|Any CPU
		{7018E69F-E64C-47BC-AAD1-D238648C4B63}.Release|Any CPU.Build.0 = Release|Any CPU
		{813F93C8-17B1-4D88-8EA1-ED2E8EB154E0}.Debug|Any CPU.ActiveCfg = Debug|Any CPU
		{813F93C8-17B1-4D88-8EA1-ED2E8EB154E0}.Debug|Any CPU.Build.0 = Debug|Any CPU
		{813F93C8-17B1-4D88-8EA1-ED2E8EB154E0}.Release|Any CPU.ActiveCfg = Release|Any CPU
		{813F93C8-17B1-4D88-8EA1-ED2E8EB154E0}.Release|Any CPU.Build.0 = Release|Any CPU
		{D4465C2B-3ABD-4C51-A0AF-0D9C831F6193}.Debug|Any CPU.ActiveCfg = Debug|Any CPU
		{D4465C2B-3ABD-4C51-A0AF-0D9C831F6193}.Debug|Any CPU.Build.0 = Debug|Any CPU
		{D4465C2B-3ABD-4C51-A0AF-0D9C831F6193}.Release|Any CPU.ActiveCfg = Release|Any CPU
		{D4465C2B-3ABD-4C51-A0AF-0D9C831F6193}.Release|Any CPU.Build.0 = Release|Any CPU
	EndGlobalSection
	GlobalSection(SolutionProperties) = preSolution
		HideSolutionNode = FALSE
	EndGlobalSection
	GlobalSection(ExtensibilityGlobals) = postSolution
		SolutionGuid = {6B7DF2B9-D962-4B13-8EA5-C716AD2B51C9}
	EndGlobalSection
EndGlobal
