
Microsoft Visual Studio Solution File, Format Version 12.00
# Visual Studio Version 16
VisualStudioVersion = 16.0.31313.79
MinimumVisualStudioVersion = 10.0.40219.1
Project("{FAE04EC0-301F-11D3-BF4B-00C04F79EFBC}") = "IteratorsAndComparators", "1. Library\IteratorsAndComparators.csproj", "{8A01A7B9-D5FD-461D-8213-782F7122CF38}"
EndProject
Global
	GlobalSection(SolutionConfigurationPlatforms) = preSolution
		Debug|Any CPU = Debug|Any CPU
		Release|Any CPU = Release|Any CPU
	EndGlobalSection
	GlobalSection(ProjectConfigurationPlatforms) = postSolution
		{8A01A7B9-D5FD-461D-8213-782F7122CF38}.Debug|Any CPU.ActiveCfg = Debug|Any CPU
		{8A01A7B9-D5FD-461D-8213-782F7122CF38}.Debug|Any CPU.Build.0 = Debug|Any CPU
		{8A01A7B9-D5FD-461D-8213-782F7122CF38}.Release|Any CPU.ActiveCfg = Release|Any CPU
		{8A01A7B9-D5FD-461D-8213-782F7122CF38}.Release|Any CPU.Build.0 = Release|Any CPU
	EndGlobalSection
	GlobalSection(SolutionProperties) = preSolution
		HideSolutionNode = FALSE
	EndGlobalSection
	GlobalSection(ExtensibilityGlobals) = postSolution
		SolutionGuid = {39D257EA-F576-453E-BC37-E9C687D7EA2A}
	EndGlobalSection
EndGlobal
