
Microsoft Visual Studio Solution File, Format Version 12.00
# Visual Studio Version 16
VisualStudioVersion = 16.0.30804.86
MinimumVisualStudioVersion = 10.0.40219.1
Project("{9A19103F-16F7-4668-BE54-9A1E7A4F7556}") = "Ages", "Ages\Ages.csproj", "{5662B45A-4343-4E5B-970F-380B9D15E3CA}"
EndProject
Project("{9A19103F-16F7-4668-BE54-9A1E7A4F7556}") = "Division", "Division\Division.csproj", "{0CAE051D-16C4-421C-8D0D-427E2AC3F80E}"
EndProject
Project("{9A19103F-16F7-4668-BE54-9A1E7A4F7556}") = "Vacation", "Vacation\Vacation.csproj", "{5D727B46-8A09-4181-8646-3C540B786878}"
EndProject
Project("{FAE04EC0-301F-11D3-BF4B-00C04F79EFBC}") = "PrintAndSum", "PrintAndSum\PrintAndSum.csproj", "{BF650A97-75EF-4D16-956E-03D952A2A5BD}"
EndProject
Project("{FAE04EC0-301F-11D3-BF4B-00C04F79EFBC}") = "Login", "Login\Login.csproj", "{B92D3843-FEAE-45D8-BD88-D9BB5D9161F3}"
EndProject
Project("{FAE04EC0-301F-11D3-BF4B-00C04F79EFBC}") = "StrongNumber", "StrongNumber\StrongNumber.csproj", "{8E023F3F-A764-462C-B29F-94D41363698E}"
EndProject
Project("{FAE04EC0-301F-11D3-BF4B-00C04F79EFBC}") = "VendingMachine", "VendingMachine\VendingMachine.csproj", "{F4F2124F-207E-43F9-BAAD-D7FCE32601DA}"
EndProject
Project("{FAE04EC0-301F-11D3-BF4B-00C04F79EFBC}") = "TriangleOfNumbers", "TriangleOfNumbers\TriangleOfNumbers.csproj", "{B056F991-8928-426B-845D-F3C591A2E71D}"
EndProject
Project("{FAE04EC0-301F-11D3-BF4B-00C04F79EFBC}") = "PadawanEquipments", "PadawanEquipments\PadawanEquipments.csproj", "{768062E6-9DF4-41FF-B375-8CC614DAEB66}"
EndProject
Project("{FAE04EC0-301F-11D3-BF4B-00C04F79EFBC}") = "RageExpenses", "RageExpenses\RageExpenses.csproj", "{03BC6BB1-5ED0-43D3-996B-DFF1FEA735DE}"
EndProject
Global
	GlobalSection(SolutionConfigurationPlatforms) = preSolution
		Debug|Any CPU = Debug|Any CPU
		Release|Any CPU = Release|Any CPU
	EndGlobalSection
	GlobalSection(ProjectConfigurationPlatforms) = postSolution
		{5662B45A-4343-4E5B-970F-380B9D15E3CA}.Debug|Any CPU.ActiveCfg = Debug|Any CPU
		{5662B45A-4343-4E5B-970F-380B9D15E3CA}.Debug|Any CPU.Build.0 = Debug|Any CPU
		{5662B45A-4343-4E5B-970F-380B9D15E3CA}.Release|Any CPU.ActiveCfg = Release|Any CPU
		{5662B45A-4343-4E5B-970F-380B9D15E3CA}.Release|Any CPU.Build.0 = Release|Any CPU
		{0CAE051D-16C4-421C-8D0D-427E2AC3F80E}.Debug|Any CPU.ActiveCfg = Debug|Any CPU
		{0CAE051D-16C4-421C-8D0D-427E2AC3F80E}.Debug|Any CPU.Build.0 = Debug|Any CPU
		{0CAE051D-16C4-421C-8D0D-427E2AC3F80E}.Release|Any CPU.ActiveCfg = Release|Any CPU
		{0CAE051D-16C4-421C-8D0D-427E2AC3F80E}.Release|Any CPU.Build.0 = Release|Any CPU
		{5D727B46-8A09-4181-8646-3C540B786878}.Debug|Any CPU.ActiveCfg = Debug|Any CPU
		{5D727B46-8A09-4181-8646-3C540B786878}.Debug|Any CPU.Build.0 = Debug|Any CPU
		{5D727B46-8A09-4181-8646-3C540B786878}.Release|Any CPU.ActiveCfg = Release|Any CPU
		{5D727B46-8A09-4181-8646-3C540B786878}.Release|Any CPU.Build.0 = Release|Any CPU
		{BF650A97-75EF-4D16-956E-03D952A2A5BD}.Debug|Any CPU.ActiveCfg = Debug|Any CPU
		{BF650A97-75EF-4D16-956E-03D952A2A5BD}.Debug|Any CPU.Build.0 = Debug|Any CPU
		{BF650A97-75EF-4D16-956E-03D952A2A5BD}.Release|Any CPU.ActiveCfg = Release|Any CPU
		{BF650A97-75EF-4D16-956E-03D952A2A5BD}.Release|Any CPU.Build.0 = Release|Any CPU
		{B92D3843-FEAE-45D8-BD88-D9BB5D9161F3}.Debug|Any CPU.ActiveCfg = Debug|Any CPU
		{B92D3843-FEAE-45D8-BD88-D9BB5D9161F3}.Debug|Any CPU.Build.0 = Debug|Any CPU
		{B92D3843-FEAE-45D8-BD88-D9BB5D9161F3}.Release|Any CPU.ActiveCfg = Release|Any CPU
		{B92D3843-FEAE-45D8-BD88-D9BB5D9161F3}.Release|Any CPU.Build.0 = Release|Any CPU
		{8E023F3F-A764-462C-B29F-94D41363698E}.Debug|Any CPU.ActiveCfg = Debug|Any CPU
		{8E023F3F-A764-462C-B29F-94D41363698E}.Debug|Any CPU.Build.0 = Debug|Any CPU
		{8E023F3F-A764-462C-B29F-94D41363698E}.Release|Any CPU.ActiveCfg = Release|Any CPU
		{8E023F3F-A764-462C-B29F-94D41363698E}.Release|Any CPU.Build.0 = Release|Any CPU
		{F4F2124F-207E-43F9-BAAD-D7FCE32601DA}.Debug|Any CPU.ActiveCfg = Debug|Any CPU
		{F4F2124F-207E-43F9-BAAD-D7FCE32601DA}.Debug|Any CPU.Build.0 = Debug|Any CPU
		{F4F2124F-207E-43F9-BAAD-D7FCE32601DA}.Release|Any CPU.ActiveCfg = Release|Any CPU
		{F4F2124F-207E-43F9-BAAD-D7FCE32601DA}.Release|Any CPU.Build.0 = Release|Any CPU
		{B056F991-8928-426B-845D-F3C591A2E71D}.Debug|Any CPU.ActiveCfg = Debug|Any CPU
		{B056F991-8928-426B-845D-F3C591A2E71D}.Debug|Any CPU.Build.0 = Debug|Any CPU
		{B056F991-8928-426B-845D-F3C591A2E71D}.Release|Any CPU.ActiveCfg = Release|Any CPU
		{B056F991-8928-426B-845D-F3C591A2E71D}.Release|Any CPU.Build.0 = Release|Any CPU
		{768062E6-9DF4-41FF-B375-8CC614DAEB66}.Debug|Any CPU.ActiveCfg = Debug|Any CPU
		{768062E6-9DF4-41FF-B375-8CC614DAEB66}.Debug|Any CPU.Build.0 = Debug|Any CPU
		{768062E6-9DF4-41FF-B375-8CC614DAEB66}.Release|Any CPU.ActiveCfg = Release|Any CPU
		{768062E6-9DF4-41FF-B375-8CC614DAEB66}.Release|Any CPU.Build.0 = Release|Any CPU
		{03BC6BB1-5ED0-43D3-996B-DFF1FEA735DE}.Debug|Any CPU.ActiveCfg = Debug|Any CPU
		{03BC6BB1-5ED0-43D3-996B-DFF1FEA735DE}.Debug|Any CPU.Build.0 = Debug|Any CPU
		{03BC6BB1-5ED0-43D3-996B-DFF1FEA735DE}.Release|Any CPU.ActiveCfg = Release|Any CPU
		{03BC6BB1-5ED0-43D3-996B-DFF1FEA735DE}.Release|Any CPU.Build.0 = Release|Any CPU
	EndGlobalSection
	GlobalSection(SolutionProperties) = preSolution
		HideSolutionNode = FALSE
	EndGlobalSection
	GlobalSection(ExtensibilityGlobals) = postSolution
		SolutionGuid = {EAAA00D2-3348-4E05-990F-33724F6487EC}
	EndGlobalSection
EndGlobal
