
Microsoft Visual Studio Solution File, Format Version 12.00
# Visual Studio Version 16
VisualStudioVersion = 16.0.30804.86
MinimumVisualStudioVersion = 10.0.40219.1
Project("{9A19103F-16F7-4668-BE54-9A1E7A4F7556}") = "1. Ranking", "1. Ranking\1. Ranking.csproj", "{A7338BC3-04D2-40C6-85D6-D5B17BD9C4A9}"
EndProject
Project("{9A19103F-16F7-4668-BE54-9A1E7A4F7556}") = "2. Judge", "2. Judge\2. Judge.csproj", "{1718FBF5-B56F-42F2-ABC0-7623E824F40E}"
EndProject
Project("{9A19103F-16F7-4668-BE54-9A1E7A4F7556}") = "3. MOBA Challenger", "3. MOBA Challenger\3. MOBA Challenger.csproj", "{65CD5C02-E4ED-4059-AECB-8FFB3B529705}"
EndProject
Project("{9A19103F-16F7-4668-BE54-9A1E7A4F7556}") = "4. Snowwhite", "4. Snowwhite\4. Snowwhite.csproj", "{729AD775-C597-4BDA-842A-8BE3B890B3C7}"
EndProject
Project("{FAE04EC0-301F-11D3-BF4B-00C04F79EFBC}") = "5. Dragon Army", "5. Dragon Army\5. Dragon Army.csproj", "{BE6817F9-CAD6-419C-B15D-42EB1CE42112}"
EndProject
Global
	GlobalSection(SolutionConfigurationPlatforms) = preSolution
		Debug|Any CPU = Debug|Any CPU
		Release|Any CPU = Release|Any CPU
	EndGlobalSection
	GlobalSection(ProjectConfigurationPlatforms) = postSolution
		{A7338BC3-04D2-40C6-85D6-D5B17BD9C4A9}.Debug|Any CPU.ActiveCfg = Debug|Any CPU
		{A7338BC3-04D2-40C6-85D6-D5B17BD9C4A9}.Debug|Any CPU.Build.0 = Debug|Any CPU
		{A7338BC3-04D2-40C6-85D6-D5B17BD9C4A9}.Release|Any CPU.ActiveCfg = Release|Any CPU
		{A7338BC3-04D2-40C6-85D6-D5B17BD9C4A9}.Release|Any CPU.Build.0 = Release|Any CPU
		{1718FBF5-B56F-42F2-ABC0-7623E824F40E}.Debug|Any CPU.ActiveCfg = Debug|Any CPU
		{1718FBF5-B56F-42F2-ABC0-7623E824F40E}.Debug|Any CPU.Build.0 = Debug|Any CPU
		{1718FBF5-B56F-42F2-ABC0-7623E824F40E}.Release|Any CPU.ActiveCfg = Release|Any CPU
		{1718FBF5-B56F-42F2-ABC0-7623E824F40E}.Release|Any CPU.Build.0 = Release|Any CPU
		{65CD5C02-E4ED-4059-AECB-8FFB3B529705}.Debug|Any CPU.ActiveCfg = Debug|Any CPU
		{65CD5C02-E4ED-4059-AECB-8FFB3B529705}.Debug|Any CPU.Build.0 = Debug|Any CPU
		{65CD5C02-E4ED-4059-AECB-8FFB3B529705}.Release|Any CPU.ActiveCfg = Release|Any CPU
		{65CD5C02-E4ED-4059-AECB-8FFB3B529705}.Release|Any CPU.Build.0 = Release|Any CPU
		{729AD775-C597-4BDA-842A-8BE3B890B3C7}.Debug|Any CPU.ActiveCfg = Debug|Any CPU
		{729AD775-C597-4BDA-842A-8BE3B890B3C7}.Debug|Any CPU.Build.0 = Debug|Any CPU
		{729AD775-C597-4BDA-842A-8BE3B890B3C7}.Release|Any CPU.ActiveCfg = Release|Any CPU
		{729AD775-C597-4BDA-842A-8BE3B890B3C7}.Release|Any CPU.Build.0 = Release|Any CPU
		{BE6817F9-CAD6-419C-B15D-42EB1CE42112}.Debug|Any CPU.ActiveCfg = Debug|Any CPU
		{BE6817F9-CAD6-419C-B15D-42EB1CE42112}.Debug|Any CPU.Build.0 = Debug|Any CPU
		{BE6817F9-CAD6-419C-B15D-42EB1CE42112}.Release|Any CPU.ActiveCfg = Release|Any CPU
		{BE6817F9-CAD6-419C-B15D-42EB1CE42112}.Release|Any CPU.Build.0 = Release|Any CPU
	EndGlobalSection
	GlobalSection(SolutionProperties) = preSolution
		HideSolutionNode = FALSE
	EndGlobalSection
	GlobalSection(ExtensibilityGlobals) = postSolution
		SolutionGuid = {5575994B-B7BC-480D-B20A-1BC3CD33C17D}
	EndGlobalSection
EndGlobal
