
Microsoft Visual Studio Solution File, Format Version 12.00
# Visual Studio Version 16
VisualStudioVersion = 16.0.30804.86
MinimumVisualStudioVersion = 10.0.40219.1
Project("{9A19103F-16F7-4668-BE54-9A1E7A4F7556}") = "1. Company Roster", "1. Company Roster\1. Company Roster.csproj", "{DFB6AED5-51A0-4B99-858C-A4128002FEBD}"
EndProject
Project("{9A19103F-16F7-4668-BE54-9A1E7A4F7556}") = "2. Oldest Family Member", "2. Oldest Family Member\2. Oldest Family Member.csproj", "{60C38F4F-0CA7-4AB3-A035-1E78FEDFFE0A}"
EndProject
Project("{9A19103F-16F7-4668-BE54-9A1E7A4F7556}") = "3. Speed Racing", "3. Speed Racing\3. Speed Racing.csproj", "{C346903F-3C6C-4E6B-82A5-DCDF7F1D4028}"
EndProject
Project("{FAE04EC0-301F-11D3-BF4B-00C04F79EFBC}") = "4. Raw Data", "4. Raw Data\4. Raw Data.csproj", "{905DB442-5FEB-44D6-BBA7-9C946A237F59}"
EndProject
Project("{FAE04EC0-301F-11D3-BF4B-00C04F79EFBC}") = "5. Shopping Spree", "5. Shopping Spree\5. Shopping Spree.csproj", "{84C3E8C0-EE50-4B12-9440-3A621392CEB8}"
EndProject
Global
	GlobalSection(SolutionConfigurationPlatforms) = preSolution
		Debug|Any CPU = Debug|Any CPU
		Release|Any CPU = Release|Any CPU
	EndGlobalSection
	GlobalSection(ProjectConfigurationPlatforms) = postSolution
		{DFB6AED5-51A0-4B99-858C-A4128002FEBD}.Debug|Any CPU.ActiveCfg = Debug|Any CPU
		{DFB6AED5-51A0-4B99-858C-A4128002FEBD}.Debug|Any CPU.Build.0 = Debug|Any CPU
		{DFB6AED5-51A0-4B99-858C-A4128002FEBD}.Release|Any CPU.ActiveCfg = Release|Any CPU
		{DFB6AED5-51A0-4B99-858C-A4128002FEBD}.Release|Any CPU.Build.0 = Release|Any CPU
		{60C38F4F-0CA7-4AB3-A035-1E78FEDFFE0A}.Debug|Any CPU.ActiveCfg = Debug|Any CPU
		{60C38F4F-0CA7-4AB3-A035-1E78FEDFFE0A}.Debug|Any CPU.Build.0 = Debug|Any CPU
		{60C38F4F-0CA7-4AB3-A035-1E78FEDFFE0A}.Release|Any CPU.ActiveCfg = Release|Any CPU
		{60C38F4F-0CA7-4AB3-A035-1E78FEDFFE0A}.Release|Any CPU.Build.0 = Release|Any CPU
		{C346903F-3C6C-4E6B-82A5-DCDF7F1D4028}.Debug|Any CPU.ActiveCfg = Debug|Any CPU
		{C346903F-3C6C-4E6B-82A5-DCDF7F1D4028}.Debug|Any CPU.Build.0 = Debug|Any CPU
		{C346903F-3C6C-4E6B-82A5-DCDF7F1D4028}.Release|Any CPU.ActiveCfg = Release|Any CPU
		{C346903F-3C6C-4E6B-82A5-DCDF7F1D4028}.Release|Any CPU.Build.0 = Release|Any CPU
		{905DB442-5FEB-44D6-BBA7-9C946A237F59}.Debug|Any CPU.ActiveCfg = Debug|Any CPU
		{905DB442-5FEB-44D6-BBA7-9C946A237F59}.Debug|Any CPU.Build.0 = Debug|Any CPU
		{905DB442-5FEB-44D6-BBA7-9C946A237F59}.Release|Any CPU.ActiveCfg = Release|Any CPU
		{905DB442-5FEB-44D6-BBA7-9C946A237F59}.Release|Any CPU.Build.0 = Release|Any CPU
		{84C3E8C0-EE50-4B12-9440-3A621392CEB8}.Debug|Any CPU.ActiveCfg = Debug|Any CPU
		{84C3E8C0-EE50-4B12-9440-3A621392CEB8}.Debug|Any CPU.Build.0 = Debug|Any CPU
		{84C3E8C0-EE50-4B12-9440-3A621392CEB8}.Release|Any CPU.ActiveCfg = Release|Any CPU
		{84C3E8C0-EE50-4B12-9440-3A621392CEB8}.Release|Any CPU.Build.0 = Release|Any CPU
	EndGlobalSection
	GlobalSection(SolutionProperties) = preSolution
		HideSolutionNode = FALSE
	EndGlobalSection
	GlobalSection(ExtensibilityGlobals) = postSolution
		SolutionGuid = {5FFCA4C7-01F0-48CB-BEE7-C7554808A7DB}
	EndGlobalSection
EndGlobal
