
Microsoft Visual Studio Solution File, Format Version 12.00
# Visual Studio Version 16
VisualStudioVersion = 16.0.30804.86
MinimumVisualStudioVersion = 10.0.40219.1
Project("{9A19103F-16F7-4668-BE54-9A1E7A4F7556}") = "1. Count Real Numbers", "1. Count Real Numbers\1. Count Real Numbers.csproj", "{B589DAA8-666C-43F6-9AE9-D47BCD9B0320}"
EndProject
Project("{9A19103F-16F7-4668-BE54-9A1E7A4F7556}") = "2. Odd Occurrences", "2. Odd Occurrences\2. Odd Occurrences.csproj", "{12902EDB-A6B5-47B5-A0C3-FF72E6C34C74}"
EndProject
Project("{9A19103F-16F7-4668-BE54-9A1E7A4F7556}") = "3. Word Synonyms", "3. Word Synonyms\3. Word Synonyms.csproj", "{CE57850F-BAB9-428D-9A37-6CCBD936CC34}"
EndProject
Project("{FAE04EC0-301F-11D3-BF4B-00C04F79EFBC}") = "4. Largest 3 Numbers", "4. Largest 3 Numbers\4. Largest 3 Numbers.csproj", "{0612F1D5-0A35-4967-89BF-6FD64B2D1357}"
EndProject
Project("{FAE04EC0-301F-11D3-BF4B-00C04F79EFBC}") = "5. Word Filter", "5. Word Filter\5. Word Filter.csproj", "{8320AC94-52B9-4AAE-A3A0-AF7182E54A94}"
EndProject
Global
	GlobalSection(SolutionConfigurationPlatforms) = preSolution
		Debug|Any CPU = Debug|Any CPU
		Release|Any CPU = Release|Any CPU
	EndGlobalSection
	GlobalSection(ProjectConfigurationPlatforms) = postSolution
		{B589DAA8-666C-43F6-9AE9-D47BCD9B0320}.Debug|Any CPU.ActiveCfg = Debug|Any CPU
		{B589DAA8-666C-43F6-9AE9-D47BCD9B0320}.Debug|Any CPU.Build.0 = Debug|Any CPU
		{B589DAA8-666C-43F6-9AE9-D47BCD9B0320}.Release|Any CPU.ActiveCfg = Release|Any CPU
		{B589DAA8-666C-43F6-9AE9-D47BCD9B0320}.Release|Any CPU.Build.0 = Release|Any CPU
		{12902EDB-A6B5-47B5-A0C3-FF72E6C34C74}.Debug|Any CPU.ActiveCfg = Debug|Any CPU
		{12902EDB-A6B5-47B5-A0C3-FF72E6C34C74}.Debug|Any CPU.Build.0 = Debug|Any CPU
		{12902EDB-A6B5-47B5-A0C3-FF72E6C34C74}.Release|Any CPU.ActiveCfg = Release|Any CPU
		{12902EDB-A6B5-47B5-A0C3-FF72E6C34C74}.Release|Any CPU.Build.0 = Release|Any CPU
		{CE57850F-BAB9-428D-9A37-6CCBD936CC34}.Debug|Any CPU.ActiveCfg = Debug|Any CPU
		{CE57850F-BAB9-428D-9A37-6CCBD936CC34}.Debug|Any CPU.Build.0 = Debug|Any CPU
		{CE57850F-BAB9-428D-9A37-6CCBD936CC34}.Release|Any CPU.ActiveCfg = Release|Any CPU
		{CE57850F-BAB9-428D-9A37-6CCBD936CC34}.Release|Any CPU.Build.0 = Release|Any CPU
		{0612F1D5-0A35-4967-89BF-6FD64B2D1357}.Debug|Any CPU.ActiveCfg = Debug|Any CPU
		{0612F1D5-0A35-4967-89BF-6FD64B2D1357}.Debug|Any CPU.Build.0 = Debug|Any CPU
		{0612F1D5-0A35-4967-89BF-6FD64B2D1357}.Release|Any CPU.ActiveCfg = Release|Any CPU
		{0612F1D5-0A35-4967-89BF-6FD64B2D1357}.Release|Any CPU.Build.0 = Release|Any CPU
		{8320AC94-52B9-4AAE-A3A0-AF7182E54A94}.Debug|Any CPU.ActiveCfg = Debug|Any CPU
		{8320AC94-52B9-4AAE-A3A0-AF7182E54A94}.Debug|Any CPU.Build.0 = Debug|Any CPU
		{8320AC94-52B9-4AAE-A3A0-AF7182E54A94}.Release|Any CPU.ActiveCfg = Release|Any CPU
		{8320AC94-52B9-4AAE-A3A0-AF7182E54A94}.Release|Any CPU.Build.0 = Release|Any CPU
	EndGlobalSection
	GlobalSection(SolutionProperties) = preSolution
		HideSolutionNode = FALSE
	EndGlobalSection
	GlobalSection(ExtensibilityGlobals) = postSolution
		SolutionGuid = {AC65C709-2209-4805-B905-942F4019591E}
	EndGlobalSection
EndGlobal
