
Microsoft Visual Studio Solution File, Format Version 12.00
# Visual Studio Version 16
VisualStudioVersion = 16.0.30804.86
MinimumVisualStudioVersion = 10.0.40219.1
Project("{9A19103F-16F7-4668-BE54-9A1E7A4F7556}") = "1. Train", "1. Train\1. Train.csproj", "{CEE4523A-8019-4758-AD41-411F2C95ECBE}"
EndProject
Project("{9A19103F-16F7-4668-BE54-9A1E7A4F7556}") = "2. Change List", "2. Change List\2. Change List.csproj", "{FC7BC3DC-13D8-4125-B8F1-544DDA071EFF}"
EndProject
Project("{9A19103F-16F7-4668-BE54-9A1E7A4F7556}") = "3. House Party", "3. House Party\3. House Party.csproj", "{18E92AB6-6AF9-4A35-882B-B81F0C45D4C2}"
EndProject
Project("{9A19103F-16F7-4668-BE54-9A1E7A4F7556}") = "4. List Operations", "4. List Operations\4. List Operations.csproj", "{587E5280-B63F-49A9-BF67-1460BA13B77E}"
EndProject
Project("{9A19103F-16F7-4668-BE54-9A1E7A4F7556}") = "5. Bomb Numbers", "5. Bomb Numbers\5. Bomb Numbers.csproj", "{7A46AF20-EDAF-4C24-949D-063FFA5CA461}"
EndProject
Project("{9A19103F-16F7-4668-BE54-9A1E7A4F7556}") = "6. Cards Game", "6. Cards Game\6. Cards Game.csproj", "{D3AFAC94-2693-4C48-A9FD-944C26AC5293}"
EndProject
Project("{9A19103F-16F7-4668-BE54-9A1E7A4F7556}") = "7. Append Arrays", "7. Append Arrays\7. Append Arrays.csproj", "{8BF43351-B70E-4192-856B-5B0BE22BD737}"
EndProject
Project("{9A19103F-16F7-4668-BE54-9A1E7A4F7556}") = "8.AnonymousThreat", "8.AnonymousThreat\8.AnonymousThreat.csproj", "{E565D478-0529-44B0-8F30-364433A32CF7}"
EndProject
Project("{9A19103F-16F7-4668-BE54-9A1E7A4F7556}") = "9. Pokemon Don’t Go", "9. Pokemon Don’t Go\9. Pokemon Don’t Go.csproj", "{49857B9C-F8B7-46BA-B433-AC4BD35F13BB}"
EndProject
Project("{FAE04EC0-301F-11D3-BF4B-00C04F79EFBC}") = "10.  SoftUni Course Planning", "10.  SoftUni Course Planning\10.  SoftUni Course Planning.csproj", "{59A23EF1-2EA8-4896-9A46-2AD4371613FD}"
EndProject
Project("{FAE04EC0-301F-11D3-BF4B-00C04F79EFBC}") = "test", "test\test.csproj", "{5905924E-EB10-4444-880A-01BEF6AB14AE}"
EndProject
Global
	GlobalSection(SolutionConfigurationPlatforms) = preSolution
		Debug|Any CPU = Debug|Any CPU
		Release|Any CPU = Release|Any CPU
	EndGlobalSection
	GlobalSection(ProjectConfigurationPlatforms) = postSolution
		{CEE4523A-8019-4758-AD41-411F2C95ECBE}.Debug|Any CPU.ActiveCfg = Debug|Any CPU
		{CEE4523A-8019-4758-AD41-411F2C95ECBE}.Debug|Any CPU.Build.0 = Debug|Any CPU
		{CEE4523A-8019-4758-AD41-411F2C95ECBE}.Release|Any CPU.ActiveCfg = Release|Any CPU
		{CEE4523A-8019-4758-AD41-411F2C95ECBE}.Release|Any CPU.Build.0 = Release|Any CPU
		{FC7BC3DC-13D8-4125-B8F1-544DDA071EFF}.Debug|Any CPU.ActiveCfg = Debug|Any CPU
		{FC7BC3DC-13D8-4125-B8F1-544DDA071EFF}.Debug|Any CPU.Build.0 = Debug|Any CPU
		{FC7BC3DC-13D8-4125-B8F1-544DDA071EFF}.Release|Any CPU.ActiveCfg = Release|Any CPU
		{FC7BC3DC-13D8-4125-B8F1-544DDA071EFF}.Release|Any CPU.Build.0 = Release|Any CPU
		{18E92AB6-6AF9-4A35-882B-B81F0C45D4C2}.Debug|Any CPU.ActiveCfg = Debug|Any CPU
		{18E92AB6-6AF9-4A35-882B-B81F0C45D4C2}.Debug|Any CPU.Build.0 = Debug|Any CPU
		{18E92AB6-6AF9-4A35-882B-B81F0C45D4C2}.Release|Any CPU.ActiveCfg = Release|Any CPU
		{18E92AB6-6AF9-4A35-882B-B81F0C45D4C2}.Release|Any CPU.Build.0 = Release|Any CPU
		{587E5280-B63F-49A9-BF67-1460BA13B77E}.Debug|Any CPU.ActiveCfg = Debug|Any CPU
		{587E5280-B63F-49A9-BF67-1460BA13B77E}.Debug|Any CPU.Build.0 = Debug|Any CPU
		{587E5280-B63F-49A9-BF67-1460BA13B77E}.Release|Any CPU.ActiveCfg = Release|Any CPU
		{587E5280-B63F-49A9-BF67-1460BA13B77E}.Release|Any CPU.Build.0 = Release|Any CPU
		{7A46AF20-EDAF-4C24-949D-063FFA5CA461}.Debug|Any CPU.ActiveCfg = Debug|Any CPU
		{7A46AF20-EDAF-4C24-949D-063FFA5CA461}.Debug|Any CPU.Build.0 = Debug|Any CPU
		{7A46AF20-EDAF-4C24-949D-063FFA5CA461}.Release|Any CPU.ActiveCfg = Release|Any CPU
		{7A46AF20-EDAF-4C24-949D-063FFA5CA461}.Release|Any CPU.Build.0 = Release|Any CPU
		{D3AFAC94-2693-4C48-A9FD-944C26AC5293}.Debug|Any CPU.ActiveCfg = Debug|Any CPU
		{D3AFAC94-2693-4C48-A9FD-944C26AC5293}.Debug|Any CPU.Build.0 = Debug|Any CPU
		{D3AFAC94-2693-4C48-A9FD-944C26AC5293}.Release|Any CPU.ActiveCfg = Release|Any CPU
		{D3AFAC94-2693-4C48-A9FD-944C26AC5293}.Release|Any CPU.Build.0 = Release|Any CPU
		{8BF43351-B70E-4192-856B-5B0BE22BD737}.Debug|Any CPU.ActiveCfg = Debug|Any CPU
		{8BF43351-B70E-4192-856B-5B0BE22BD737}.Debug|Any CPU.Build.0 = Debug|Any CPU
		{8BF43351-B70E-4192-856B-5B0BE22BD737}.Release|Any CPU.ActiveCfg = Release|Any CPU
		{8BF43351-B70E-4192-856B-5B0BE22BD737}.Release|Any CPU.Build.0 = Release|Any CPU
		{E565D478-0529-44B0-8F30-364433A32CF7}.Debug|Any CPU.ActiveCfg = Debug|Any CPU
		{E565D478-0529-44B0-8F30-364433A32CF7}.Debug|Any CPU.Build.0 = Debug|Any CPU
		{E565D478-0529-44B0-8F30-364433A32CF7}.Release|Any CPU.ActiveCfg = Release|Any CPU
		{E565D478-0529-44B0-8F30-364433A32CF7}.Release|Any CPU.Build.0 = Release|Any CPU
		{49857B9C-F8B7-46BA-B433-AC4BD35F13BB}.Debug|Any CPU.ActiveCfg = Debug|Any CPU
		{49857B9C-F8B7-46BA-B433-AC4BD35F13BB}.Debug|Any CPU.Build.0 = Debug|Any CPU
		{49857B9C-F8B7-46BA-B433-AC4BD35F13BB}.Release|Any CPU.ActiveCfg = Release|Any CPU
		{49857B9C-F8B7-46BA-B433-AC4BD35F13BB}.Release|Any CPU.Build.0 = Release|Any CPU
		{59A23EF1-2EA8-4896-9A46-2AD4371613FD}.Debug|Any CPU.ActiveCfg = Debug|Any CPU
		{59A23EF1-2EA8-4896-9A46-2AD4371613FD}.Debug|Any CPU.Build.0 = Debug|Any CPU
		{59A23EF1-2EA8-4896-9A46-2AD4371613FD}.Release|Any CPU.ActiveCfg = Release|Any CPU
		{59A23EF1-2EA8-4896-9A46-2AD4371613FD}.Release|Any CPU.Build.0 = Release|Any CPU
		{5905924E-EB10-4444-880A-01BEF6AB14AE}.Debug|Any CPU.ActiveCfg = Debug|Any CPU
		{5905924E-EB10-4444-880A-01BEF6AB14AE}.Debug|Any CPU.Build.0 = Debug|Any CPU
		{5905924E-EB10-4444-880A-01BEF6AB14AE}.Release|Any CPU.ActiveCfg = Release|Any CPU
		{5905924E-EB10-4444-880A-01BEF6AB14AE}.Release|Any CPU.Build.0 = Release|Any CPU
	EndGlobalSection
	GlobalSection(SolutionProperties) = preSolution
		HideSolutionNode = FALSE
	EndGlobalSection
	GlobalSection(ExtensibilityGlobals) = postSolution
		SolutionGuid = {DE94C99B-6205-4C19-9462-9AF47AF694DE}
	EndGlobalSection
EndGlobal
