
Microsoft Visual Studio Solution File, Format Version 12.00
# Visual Studio Version 16
VisualStudioVersion = 16.0.30804.86
MinimumVisualStudioVersion = 10.0.40219.1
Project("{9A19103F-16F7-4668-BE54-9A1E7A4F7556}") = "1. Count Chars in a String", "1. Count Chars in a String\1. Count Chars in a String.csproj", "{A6E3AF4C-4156-4D1A-85D7-ABB3B79C1DDB}"
EndProject
Project("{9A19103F-16F7-4668-BE54-9A1E7A4F7556}") = "2. A Miner Task", "2. A Miner Task\2. A Miner Task.csproj", "{6D195EAE-32EB-4704-B483-9935D7C79405}"
EndProject
Project("{9A19103F-16F7-4668-BE54-9A1E7A4F7556}") = "3. Legendary Farming", "3. Legendary Farming\3. Legendary Farming.csproj", "{DDC9DBA2-39F7-40FF-9466-5160401D81DB}"
EndProject
Project("{9A19103F-16F7-4668-BE54-9A1E7A4F7556}") = "4. Orders", "4. Orders\4. Orders.csproj", "{D10EFD7C-D7B7-44E9-B5EB-FD84946B0C4C}"
EndProject
Project("{9A19103F-16F7-4668-BE54-9A1E7A4F7556}") = "5. SoftUni Parking", "5. SoftUni Parking\5. SoftUni Parking.csproj", "{9F7B1910-0BB1-41A4-9A96-55468FF58149}"
EndProject
Project("{9A19103F-16F7-4668-BE54-9A1E7A4F7556}") = "6. Courses", "6. Courses\6. Courses.csproj", "{59ADC60A-4CB6-411B-918A-66252A44D44E}"
EndProject
Project("{9A19103F-16F7-4668-BE54-9A1E7A4F7556}") = "7.  Student Academy", "7.  Student Academy\7.  Student Academy.csproj", "{125DC92F-FEFC-4F56-8439-83ABFFB14A82}"
EndProject
Project("{9A19103F-16F7-4668-BE54-9A1E7A4F7556}") = "8. Company Users", "8. Company Users\8. Company Users.csproj", "{435AF171-4242-45C2-9EB7-BCEF67C4FF22}"
EndProject
Project("{9A19103F-16F7-4668-BE54-9A1E7A4F7556}") = "9. ForceBook", "9. ForceBook\9. ForceBook.csproj", "{6806C22B-7EC5-4017-A5A2-35257CBB01C4}"
EndProject
Project("{FAE04EC0-301F-11D3-BF4B-00C04F79EFBC}") = "10. SoftUni Exam Results", "10. SoftUni Exam Results\10. SoftUni Exam Results.csproj", "{66BF9C5A-090E-4E01-80F4-93A727AFF08F}"
EndProject
Global
	GlobalSection(SolutionConfigurationPlatforms) = preSolution
		Debug|Any CPU = Debug|Any CPU
		Release|Any CPU = Release|Any CPU
	EndGlobalSection
	GlobalSection(ProjectConfigurationPlatforms) = postSolution
		{A6E3AF4C-4156-4D1A-85D7-ABB3B79C1DDB}.Debug|Any CPU.ActiveCfg = Debug|Any CPU
		{A6E3AF4C-4156-4D1A-85D7-ABB3B79C1DDB}.Debug|Any CPU.Build.0 = Debug|Any CPU
		{A6E3AF4C-4156-4D1A-85D7-ABB3B79C1DDB}.Release|Any CPU.ActiveCfg = Release|Any CPU
		{A6E3AF4C-4156-4D1A-85D7-ABB3B79C1DDB}.Release|Any CPU.Build.0 = Release|Any CPU
		{6D195EAE-32EB-4704-B483-9935D7C79405}.Debug|Any CPU.ActiveCfg = Debug|Any CPU
		{6D195EAE-32EB-4704-B483-9935D7C79405}.Debug|Any CPU.Build.0 = Debug|Any CPU
		{6D195EAE-32EB-4704-B483-9935D7C79405}.Release|Any CPU.ActiveCfg = Release|Any CPU
		{6D195EAE-32EB-4704-B483-9935D7C79405}.Release|Any CPU.Build.0 = Release|Any CPU
		{DDC9DBA2-39F7-40FF-9466-5160401D81DB}.Debug|Any CPU.ActiveCfg = Debug|Any CPU
		{DDC9DBA2-39F7-40FF-9466-5160401D81DB}.Debug|Any CPU.Build.0 = Debug|Any CPU
		{DDC9DBA2-39F7-40FF-9466-5160401D81DB}.Release|Any CPU.ActiveCfg = Release|Any CPU
		{DDC9DBA2-39F7-40FF-9466-5160401D81DB}.Release|Any CPU.Build.0 = Release|Any CPU
		{D10EFD7C-D7B7-44E9-B5EB-FD84946B0C4C}.Debug|Any CPU.ActiveCfg = Debug|Any CPU
		{D10EFD7C-D7B7-44E9-B5EB-FD84946B0C4C}.Debug|Any CPU.Build.0 = Debug|Any CPU
		{D10EFD7C-D7B7-44E9-B5EB-FD84946B0C4C}.Release|Any CPU.ActiveCfg = Release|Any CPU
		{D10EFD7C-D7B7-44E9-B5EB-FD84946B0C4C}.Release|Any CPU.Build.0 = Release|Any CPU
		{9F7B1910-0BB1-41A4-9A96-55468FF58149}.Debug|Any CPU.ActiveCfg = Debug|Any CPU
		{9F7B1910-0BB1-41A4-9A96-55468FF58149}.Debug|Any CPU.Build.0 = Debug|Any CPU
		{9F7B1910-0BB1-41A4-9A96-55468FF58149}.Release|Any CPU.ActiveCfg = Release|Any CPU
		{9F7B1910-0BB1-41A4-9A96-55468FF58149}.Release|Any CPU.Build.0 = Release|Any CPU
		{59ADC60A-4CB6-411B-918A-66252A44D44E}.Debug|Any CPU.ActiveCfg = Debug|Any CPU
		{59ADC60A-4CB6-411B-918A-66252A44D44E}.Debug|Any CPU.Build.0 = Debug|Any CPU
		{59ADC60A-4CB6-411B-918A-66252A44D44E}.Release|Any CPU.ActiveCfg = Release|Any CPU
		{59ADC60A-4CB6-411B-918A-66252A44D44E}.Release|Any CPU.Build.0 = Release|Any CPU
		{125DC92F-FEFC-4F56-8439-83ABFFB14A82}.Debug|Any CPU.ActiveCfg = Debug|Any CPU
		{125DC92F-FEFC-4F56-8439-83ABFFB14A82}.Debug|Any CPU.Build.0 = Debug|Any CPU
		{125DC92F-FEFC-4F56-8439-83ABFFB14A82}.Release|Any CPU.ActiveCfg = Release|Any CPU
		{125DC92F-FEFC-4F56-8439-83ABFFB14A82}.Release|Any CPU.Build.0 = Release|Any CPU
		{435AF171-4242-45C2-9EB7-BCEF67C4FF22}.Debug|Any CPU.ActiveCfg = Debug|Any CPU
		{435AF171-4242-45C2-9EB7-BCEF67C4FF22}.Debug|Any CPU.Build.0 = Debug|Any CPU
		{435AF171-4242-45C2-9EB7-BCEF67C4FF22}.Release|Any CPU.ActiveCfg = Release|Any CPU
		{435AF171-4242-45C2-9EB7-BCEF67C4FF22}.Release|Any CPU.Build.0 = Release|Any CPU
		{6806C22B-7EC5-4017-A5A2-35257CBB01C4}.Debug|Any CPU.ActiveCfg = Debug|Any CPU
		{6806C22B-7EC5-4017-A5A2-35257CBB01C4}.Debug|Any CPU.Build.0 = Debug|Any CPU
		{6806C22B-7EC5-4017-A5A2-35257CBB01C4}.Release|Any CPU.ActiveCfg = Release|Any CPU
		{6806C22B-7EC5-4017-A5A2-35257CBB01C4}.Release|Any CPU.Build.0 = Release|Any CPU
		{66BF9C5A-090E-4E01-80F4-93A727AFF08F}.Debug|Any CPU.ActiveCfg = Debug|Any CPU
		{66BF9C5A-090E-4E01-80F4-93A727AFF08F}.Debug|Any CPU.Build.0 = Debug|Any CPU
		{66BF9C5A-090E-4E01-80F4-93A727AFF08F}.Release|Any CPU.ActiveCfg = Release|Any CPU
		{66BF9C5A-090E-4E01-80F4-93A727AFF08F}.Release|Any CPU.Build.0 = Release|Any CPU
	EndGlobalSection
	GlobalSection(SolutionProperties) = preSolution
		HideSolutionNode = FALSE
	EndGlobalSection
	GlobalSection(ExtensibilityGlobals) = postSolution
		SolutionGuid = {FC5334C6-9E16-4D4F-B22F-7BC945A672D6}
	EndGlobalSection
EndGlobal
