
Microsoft Visual Studio Solution File, Format Version 12.00
# Visual Studio Version 16
VisualStudioVersion = 16.0.30804.86
MinimumVisualStudioVersion = 10.0.40219.1
Project("{9A19103F-16F7-4668-BE54-9A1E7A4F7556}") = "1. Advertisement Message", "1. Advertisement Message\1. Advertisement Message.csproj", "{E6AA5F14-D714-4CA8-B6CD-3D68AB4365C5}"
EndProject
Project("{9A19103F-16F7-4668-BE54-9A1E7A4F7556}") = "2. Articles", "2. Articles\2. Articles.csproj", "{40AAC456-52ED-45DC-AE1C-C1ECCD813EE9}"
EndProject
Project("{9A19103F-16F7-4668-BE54-9A1E7A4F7556}") = "3. Article 2.0", "3. Article 2.0\3. Article 2.0.csproj", "{F1C4D40E-CF86-494D-8DCB-BC95A364F3E9}"
EndProject
Project("{9A19103F-16F7-4668-BE54-9A1E7A4F7556}") = "test", "test\test.csproj", "{EAC91AC1-E188-4A83-9122-C676493EA552}"
EndProject
Project("{9A19103F-16F7-4668-BE54-9A1E7A4F7556}") = "4. Students", "4. Students\4. Students.csproj", "{8976A9B9-C2D0-4F40-828A-55566F241059}"
EndProject
Project("{9A19103F-16F7-4668-BE54-9A1E7A4F7556}") = "5. Vehicle Catalogue", "5. Vehicle Catalogue\5. Vehicle Catalogue.csproj", "{8742AF51-FA63-4383-9949-C2099B93AE21}"
EndProject
Project("{9A19103F-16F7-4668-BE54-9A1E7A4F7556}") = "6. Order by Age", "6. Order by Age\6. Order by Age.csproj", "{495FB794-EE71-41A1-9E3B-93C5B2BB52E2}"
EndProject
Project("{FAE04EC0-301F-11D3-BF4B-00C04F79EFBC}") = "5. Teamwork Projects", "5. Teamwork Projects\5. Teamwork Projects.csproj", "{40262B7D-079C-4A04-84C9-5DABA0D4F5C7}"
EndProject
Global
	GlobalSection(SolutionConfigurationPlatforms) = preSolution
		Debug|Any CPU = Debug|Any CPU
		Release|Any CPU = Release|Any CPU
	EndGlobalSection
	GlobalSection(ProjectConfigurationPlatforms) = postSolution
		{E6AA5F14-D714-4CA8-B6CD-3D68AB4365C5}.Debug|Any CPU.ActiveCfg = Debug|Any CPU
		{E6AA5F14-D714-4CA8-B6CD-3D68AB4365C5}.Debug|Any CPU.Build.0 = Debug|Any CPU
		{E6AA5F14-D714-4CA8-B6CD-3D68AB4365C5}.Release|Any CPU.ActiveCfg = Release|Any CPU
		{E6AA5F14-D714-4CA8-B6CD-3D68AB4365C5}.Release|Any CPU.Build.0 = Release|Any CPU
		{40AAC456-52ED-45DC-AE1C-C1ECCD813EE9}.Debug|Any CPU.ActiveCfg = Debug|Any CPU
		{40AAC456-52ED-45DC-AE1C-C1ECCD813EE9}.Debug|Any CPU.Build.0 = Debug|Any CPU
		{40AAC456-52ED-45DC-AE1C-C1ECCD813EE9}.Release|Any CPU.ActiveCfg = Release|Any CPU
		{40AAC456-52ED-45DC-AE1C-C1ECCD813EE9}.Release|Any CPU.Build.0 = Release|Any CPU
		{F1C4D40E-CF86-494D-8DCB-BC95A364F3E9}.Debug|Any CPU.ActiveCfg = Debug|Any CPU
		{F1C4D40E-CF86-494D-8DCB-BC95A364F3E9}.Debug|Any CPU.Build.0 = Debug|Any CPU
		{F1C4D40E-CF86-494D-8DCB-BC95A364F3E9}.Release|Any CPU.ActiveCfg = Release|Any CPU
		{F1C4D40E-CF86-494D-8DCB-BC95A364F3E9}.Release|Any CPU.Build.0 = Release|Any CPU
		{EAC91AC1-E188-4A83-9122-C676493EA552}.Debug|Any CPU.ActiveCfg = Debug|Any CPU
		{EAC91AC1-E188-4A83-9122-C676493EA552}.Debug|Any CPU.Build.0 = Debug|Any CPU
		{EAC91AC1-E188-4A83-9122-C676493EA552}.Release|Any CPU.ActiveCfg = Release|Any CPU
		{EAC91AC1-E188-4A83-9122-C676493EA552}.Release|Any CPU.Build.0 = Release|Any CPU
		{8976A9B9-C2D0-4F40-828A-55566F241059}.Debug|Any CPU.ActiveCfg = Debug|Any CPU
		{8976A9B9-C2D0-4F40-828A-55566F241059}.Debug|Any CPU.Build.0 = Debug|Any CPU
		{8976A9B9-C2D0-4F40-828A-55566F241059}.Release|Any CPU.ActiveCfg = Release|Any CPU
		{8976A9B9-C2D0-4F40-828A-55566F241059}.Release|Any CPU.Build.0 = Release|Any CPU
		{8742AF51-FA63-4383-9949-C2099B93AE21}.Debug|Any CPU.ActiveCfg = Debug|Any CPU
		{8742AF51-FA63-4383-9949-C2099B93AE21}.Debug|Any CPU.Build.0 = Debug|Any CPU
		{8742AF51-FA63-4383-9949-C2099B93AE21}.Release|Any CPU.ActiveCfg = Release|Any CPU
		{8742AF51-FA63-4383-9949-C2099B93AE21}.Release|Any CPU.Build.0 = Release|Any CPU
		{495FB794-EE71-41A1-9E3B-93C5B2BB52E2}.Debug|Any CPU.ActiveCfg = Debug|Any CPU
		{495FB794-EE71-41A1-9E3B-93C5B2BB52E2}.Debug|Any CPU.Build.0 = Debug|Any CPU
		{495FB794-EE71-41A1-9E3B-93C5B2BB52E2}.Release|Any CPU.ActiveCfg = Release|Any CPU
		{495FB794-EE71-41A1-9E3B-93C5B2BB52E2}.Release|Any CPU.Build.0 = Release|Any CPU
		{40262B7D-079C-4A04-84C9-5DABA0D4F5C7}.Debug|Any CPU.ActiveCfg = Debug|Any CPU
		{40262B7D-079C-4A04-84C9-5DABA0D4F5C7}.Debug|Any CPU.Build.0 = Debug|Any CPU
		{40262B7D-079C-4A04-84C9-5DABA0D4F5C7}.Release|Any CPU.ActiveCfg = Release|Any CPU
		{40262B7D-079C-4A04-84C9-5DABA0D4F5C7}.Release|Any CPU.Build.0 = Release|Any CPU
	EndGlobalSection
	GlobalSection(SolutionProperties) = preSolution
		HideSolutionNode = FALSE
	EndGlobalSection
	GlobalSection(ExtensibilityGlobals) = postSolution
		SolutionGuid = {9C15F0FE-3829-4209-A838-D49274A41ADB}
	EndGlobalSection
EndGlobal
