
Microsoft Visual Studio Solution File, Format Version 12.00
# Visual Studio Version 16
VisualStudioVersion = 16.0.30804.86
MinimumVisualStudioVersion = 10.0.40219.1
Project("{FAE04EC0-301F-11D3-BF4B-00C04F79EFBC}") = "1. National Court", "1. National Court\1. National Court.csproj", "{39F1B6A3-2695-49D6-B73D-B0A65B8F40A7}"
EndProject
Project("{FAE04EC0-301F-11D3-BF4B-00C04F79EFBC}") = "2. Shopping List", "2. Shopping List\2. Shopping List.csproj", "{BA794690-89F2-42E7-8018-049928AC207F}"
EndProject
Project("{FAE04EC0-301F-11D3-BF4B-00C04F79EFBC}") = "3. Heart Delivery", "3. Heart Delivery\3. Heart Delivery.csproj", "{C1C2774B-9B7A-4D82-A215-576FFFFFC5C1}"
EndProject
Global
	GlobalSection(SolutionConfigurationPlatforms) = preSolution
		Debug|Any CPU = Debug|Any CPU
		Release|Any CPU = Release|Any CPU
	EndGlobalSection
	GlobalSection(ProjectConfigurationPlatforms) = postSolution
		{39F1B6A3-2695-49D6-B73D-B0A65B8F40A7}.Debug|Any CPU.ActiveCfg = Debug|Any CPU
		{39F1B6A3-2695-49D6-B73D-B0A65B8F40A7}.Debug|Any CPU.Build.0 = Debug|Any CPU
		{39F1B6A3-2695-49D6-B73D-B0A65B8F40A7}.Release|Any CPU.ActiveCfg = Release|Any CPU
		{39F1B6A3-2695-49D6-B73D-B0A65B8F40A7}.Release|Any CPU.Build.0 = Release|Any CPU
		{BA794690-89F2-42E7-8018-049928AC207F}.Debug|Any CPU.ActiveCfg = Debug|Any CPU
		{BA794690-89F2-42E7-8018-049928AC207F}.Debug|Any CPU.Build.0 = Debug|Any CPU
		{BA794690-89F2-42E7-8018-049928AC207F}.Release|Any CPU.ActiveCfg = Release|Any CPU
		{BA794690-89F2-42E7-8018-049928AC207F}.Release|Any CPU.Build.0 = Release|Any CPU
		{C1C2774B-9B7A-4D82-A215-576FFFFFC5C1}.Debug|Any CPU.ActiveCfg = Debug|Any CPU
		{C1C2774B-9B7A-4D82-A215-576FFFFFC5C1}.Debug|Any CPU.Build.0 = Debug|Any CPU
		{C1C2774B-9B7A-4D82-A215-576FFFFFC5C1}.Release|Any CPU.ActiveCfg = Release|Any CPU
		{C1C2774B-9B7A-4D82-A215-576FFFFFC5C1}.Release|Any CPU.Build.0 = Release|Any CPU
	EndGlobalSection
	GlobalSection(SolutionProperties) = preSolution
		HideSolutionNode = FALSE
	EndGlobalSection
	GlobalSection(ExtensibilityGlobals) = postSolution
		SolutionGuid = {1B14334C-7AA8-4BC4-956E-8B42D4EF14FC}
	EndGlobalSection
EndGlobal
