
Microsoft Visual Studio Solution File, Format Version 12.00
# Visual Studio Version 16
VisualStudioVersion = 16.0.30804.86
MinimumVisualStudioVersion = 10.0.40219.1
Project("{9A19103F-16F7-4668-BE54-9A1E7A4F7556}") = "1. Activation Keys", "1. Activation Keys\1. Activation Keys.csproj", "{F4364CD5-96A8-4EE5-BFF4-32487DE38265}"
EndProject
Project("{9A19103F-16F7-4668-BE54-9A1E7A4F7556}") = "2. Emoji Detector", "2. Emoji Detector\2. Emoji Detector.csproj", "{88788199-4288-444A-86B1-73B7EE3BCC27}"
EndProject
Project("{FAE04EC0-301F-11D3-BF4B-00C04F79EFBC}") = "3. P!rates", "3. P!rates\3. P!rates.csproj", "{C23CFE49-7D40-4473-8743-BE8D15D76565}"
EndProject
Global
	GlobalSection(SolutionConfigurationPlatforms) = preSolution
		Debug|Any CPU = Debug|Any CPU
		Release|Any CPU = Release|Any CPU
	EndGlobalSection
	GlobalSection(ProjectConfigurationPlatforms) = postSolution
		{F4364CD5-96A8-4EE5-BFF4-32487DE38265}.Debug|Any CPU.ActiveCfg = Debug|Any CPU
		{F4364CD5-96A8-4EE5-BFF4-32487DE38265}.Debug|Any CPU.Build.0 = Debug|Any CPU
		{F4364CD5-96A8-4EE5-BFF4-32487DE38265}.Release|Any CPU.ActiveCfg = Release|Any CPU
		{F4364CD5-96A8-4EE5-BFF4-32487DE38265}.Release|Any CPU.Build.0 = Release|Any CPU
		{88788199-4288-444A-86B1-73B7EE3BCC27}.Debug|Any CPU.ActiveCfg = Debug|Any CPU
		{88788199-4288-444A-86B1-73B7EE3BCC27}.Debug|Any CPU.Build.0 = Debug|Any CPU
		{88788199-4288-444A-86B1-73B7EE3BCC27}.Release|Any CPU.ActiveCfg = Release|Any CPU
		{88788199-4288-444A-86B1-73B7EE3BCC27}.Release|Any CPU.Build.0 = Release|Any CPU
		{C23CFE49-7D40-4473-8743-BE8D15D76565}.Debug|Any CPU.ActiveCfg = Debug|Any CPU
		{C23CFE49-7D40-4473-8743-BE8D15D76565}.Debug|Any CPU.Build.0 = Debug|Any CPU
		{C23CFE49-7D40-4473-8743-BE8D15D76565}.Release|Any CPU.ActiveCfg = Release|Any CPU
		{C23CFE49-7D40-4473-8743-BE8D15D76565}.Release|Any CPU.Build.0 = Release|Any CPU
	EndGlobalSection
	GlobalSection(SolutionProperties) = preSolution
		HideSolutionNode = FALSE
	EndGlobalSection
	GlobalSection(ExtensibilityGlobals) = postSolution
		SolutionGuid = {BA06A48D-0411-4D1B-890C-FD9FC1819497}
	EndGlobalSection
EndGlobal
