
Microsoft Visual Studio Solution File, Format Version 12.00
# Visual Studio Version 16
VisualStudioVersion = 16.0.30804.86
MinimumVisualStudioVersion = 10.0.40219.1
Project("{9A19103F-16F7-4668-BE54-9A1E7A4F7556}") = "1. Reverse Strings", "1. Reverse Strings\1. Reverse Strings.csproj", "{E2933010-30AA-42B3-AB38-287B344B4B90}"
EndProject
Project("{9A19103F-16F7-4668-BE54-9A1E7A4F7556}") = "2. Repeat Strings", "2. Repeat Strings\2. Repeat Strings.csproj", "{5CE9F8CA-E91F-497A-B8E0-562A5A68599A}"
EndProject
Project("{9A19103F-16F7-4668-BE54-9A1E7A4F7556}") = "3. Substring", "3. Substring\3. Substring.csproj", "{7D27F396-49DA-4657-B76B-531FA40194FF}"
EndProject
Project("{9A19103F-16F7-4668-BE54-9A1E7A4F7556}") = "4. Text Filter", "4. Text Filter\4. Text Filter.csproj", "{1201213C-865A-44C0-8DF3-F0269A70B35E}"
EndProject
Project("{9A19103F-16F7-4668-BE54-9A1E7A4F7556}") = "5. Digits, Letters and Other", "5. Digits, Letters and Other\5. Digits, Letters and Other.csproj", "{FD52CF63-FF23-4B6D-915F-53F501431D1F}"
EndProject
Global
	GlobalSection(SolutionConfigurationPlatforms) = preSolution
		Debug|Any CPU = Debug|Any CPU
		Release|Any CPU = Release|Any CPU
	EndGlobalSection
	GlobalSection(ProjectConfigurationPlatforms) = postSolution
		{E2933010-30AA-42B3-AB38-287B344B4B90}.Debug|Any CPU.ActiveCfg = Debug|Any CPU
		{E2933010-30AA-42B3-AB38-287B344B4B90}.Debug|Any CPU.Build.0 = Debug|Any CPU
		{E2933010-30AA-42B3-AB38-287B344B4B90}.Release|Any CPU.ActiveCfg = Release|Any CPU
		{E2933010-30AA-42B3-AB38-287B344B4B90}.Release|Any CPU.Build.0 = Release|Any CPU
		{5CE9F8CA-E91F-497A-B8E0-562A5A68599A}.Debug|Any CPU.ActiveCfg = Debug|Any CPU
		{5CE9F8CA-E91F-497A-B8E0-562A5A68599A}.Debug|Any CPU.Build.0 = Debug|Any CPU
		{5CE9F8CA-E91F-497A-B8E0-562A5A68599A}.Release|Any CPU.ActiveCfg = Release|Any CPU
		{5CE9F8CA-E91F-497A-B8E0-562A5A68599A}.Release|Any CPU.Build.0 = Release|Any CPU
		{7D27F396-49DA-4657-B76B-531FA40194FF}.Debug|Any CPU.ActiveCfg = Debug|Any CPU
		{7D27F396-49DA-4657-B76B-531FA40194FF}.Debug|Any CPU.Build.0 = Debug|Any CPU
		{7D27F396-49DA-4657-B76B-531FA40194FF}.Release|Any CPU.ActiveCfg = Release|Any CPU
		{7D27F396-49DA-4657-B76B-531FA40194FF}.Release|Any CPU.Build.0 = Release|Any CPU
		{1201213C-865A-44C0-8DF3-F0269A70B35E}.Debug|Any CPU.ActiveCfg = Debug|Any CPU
		{1201213C-865A-44C0-8DF3-F0269A70B35E}.Debug|Any CPU.Build.0 = Debug|Any CPU
		{1201213C-865A-44C0-8DF3-F0269A70B35E}.Release|Any CPU.ActiveCfg = Release|Any CPU
		{1201213C-865A-44C0-8DF3-F0269A70B35E}.Release|Any CPU.Build.0 = Release|Any CPU
		{FD52CF63-FF23-4B6D-915F-53F501431D1F}.Debug|Any CPU.ActiveCfg = Debug|Any CPU
		{FD52CF63-FF23-4B6D-915F-53F501431D1F}.Debug|Any CPU.Build.0 = Debug|Any CPU
		{FD52CF63-FF23-4B6D-915F-53F501431D1F}.Release|Any CPU.ActiveCfg = Release|Any CPU
		{FD52CF63-FF23-4B6D-915F-53F501431D1F}.Release|Any CPU.Build.0 = Release|Any CPU
	EndGlobalSection
	GlobalSection(SolutionProperties) = preSolution
		HideSolutionNode = FALSE
	EndGlobalSection
	GlobalSection(ExtensibilityGlobals) = postSolution
		SolutionGuid = {BAC38B07-58FE-402C-A25E-12199E7407BE}
	EndGlobalSection
EndGlobal
