
Microsoft Visual Studio Solution File, Format Version 12.00
# Visual Studio Version 16
VisualStudioVersion = 16.0.31313.79
MinimumVisualStudioVersion = 10.0.40219.1
Project("{FAE04EC0-301F-11D3-BF4B-00C04F79EFBC}") = "Skeleton", "Skeleton\Skeleton.csproj", "{B7C13488-44A9-432D-A12C-ED88E9656144}"
EndProject
Project("{FAE04EC0-301F-11D3-BF4B-00C04F79EFBC}") = "SkeletonTests", "SkeletonTests\SkeletonTests.csproj", "{C58E8A09-5EF6-4FBB-A1AC-D19559E454BE}"
EndProject
Global
	GlobalSection(SolutionConfigurationPlatforms) = preSolution
		Debug|Any CPU = Debug|Any CPU
		Release|Any CPU = Release|Any CPU
	EndGlobalSection
	GlobalSection(ProjectConfigurationPlatforms) = postSolution
		{B7C13488-44A9-432D-A12C-ED88E9656144}.Debug|Any CPU.ActiveCfg = Debug|Any CPU
		{B7C13488-44A9-432D-A12C-ED88E9656144}.Debug|Any CPU.Build.0 = Debug|Any CPU
		{B7C13488-44A9-432D-A12C-ED88E9656144}.Release|Any CPU.ActiveCfg = Release|Any CPU
		{B7C13488-44A9-432D-A12C-ED88E9656144}.Release|Any CPU.Build.0 = Release|Any CPU
		{C58E8A09-5EF6-4FBB-A1AC-D19559E454BE}.Debug|Any CPU.ActiveCfg = Debug|Any CPU
		{C58E8A09-5EF6-4FBB-A1AC-D19559E454BE}.Debug|Any CPU.Build.0 = Debug|Any CPU
		{C58E8A09-5EF6-4FBB-A1AC-D19559E454BE}.Release|Any CPU.ActiveCfg = Release|Any CPU
		{C58E8A09-5EF6-4FBB-A1AC-D19559E454BE}.Release|Any CPU.Build.0 = Release|Any CPU
	EndGlobalSection
	GlobalSection(SolutionProperties) = preSolution
		HideSolutionNode = FALSE
	EndGlobalSection
	GlobalSection(ExtensibilityGlobals) = postSolution
		SolutionGuid = {6089A36C-D1B7-4FA4-ACDB-FB4DBC16B024}
	EndGlobalSection
EndGlobal
