
Microsoft Visual Studio Solution File, Format Version 12.00
# Visual Studio Version 16
VisualStudioVersion = 16.0.31313.79
MinimumVisualStudioVersion = 10.0.40219.1
Project("{9A19103F-16F7-4668-BE54-9A1E7A4F7556}") = "01. Lootbox", "01. Lootbox\01. Lootbox.csproj", "{BE82F02D-2EB2-4AFF-BB94-3C038FC05CCD}"
EndProject
Project("{9A19103F-16F7-4668-BE54-9A1E7A4F7556}") = "02. Re-Volt", "02. Re-Volt\02. Re-Volt.csproj", "{653D6F05-3303-4D48-A951-7E235AAC4C4E}"
EndProject
Project("{9A19103F-16F7-4668-BE54-9A1E7A4F7556}") = "Guild", "Guild\Guild.csproj", "{EE007ADA-A06B-4F3D-BB2A-DC40E2B1CF65}"
EndProject
Global
	GlobalSection(SolutionConfigurationPlatforms) = preSolution
		Debug|Any CPU = Debug|Any CPU
		Release|Any CPU = Release|Any CPU
	EndGlobalSection
	GlobalSection(ProjectConfigurationPlatforms) = postSolution
		{BE82F02D-2EB2-4AFF-BB94-3C038FC05CCD}.Debug|Any CPU.ActiveCfg = Debug|Any CPU
		{BE82F02D-2EB2-4AFF-BB94-3C038FC05CCD}.Debug|Any CPU.Build.0 = Debug|Any CPU
		{BE82F02D-2EB2-4AFF-BB94-3C038FC05CCD}.Release|Any CPU.ActiveCfg = Release|Any CPU
		{BE82F02D-2EB2-4AFF-BB94-3C038FC05CCD}.Release|Any CPU.Build.0 = Release|Any CPU
		{653D6F05-3303-4D48-A951-7E235AAC4C4E}.Debug|Any CPU.ActiveCfg = Debug|Any CPU
		{653D6F05-3303-4D48-A951-7E235AAC4C4E}.Debug|Any CPU.Build.0 = Debug|Any CPU
		{653D6F05-3303-4D48-A951-7E235AAC4C4E}.Release|Any CPU.ActiveCfg = Release|Any CPU
		{653D6F05-3303-4D48-A951-7E235AAC4C4E}.Release|Any CPU.Build.0 = Release|Any CPU
		{EE007ADA-A06B-4F3D-BB2A-DC40E2B1CF65}.Debug|Any CPU.ActiveCfg = Debug|Any CPU
		{EE007ADA-A06B-4F3D-BB2A-DC40E2B1CF65}.Debug|Any CPU.Build.0 = Debug|Any CPU
		{EE007ADA-A06B-4F3D-BB2A-DC40E2B1CF65}.Release|Any CPU.ActiveCfg = Release|Any CPU
		{EE007ADA-A06B-4F3D-BB2A-DC40E2B1CF65}.Release|Any CPU.Build.0 = Release|Any CPU
	EndGlobalSection
	GlobalSection(SolutionProperties) = preSolution
		HideSolutionNode = FALSE
	EndGlobalSection
	GlobalSection(ExtensibilityGlobals) = postSolution
		SolutionGuid = {1AF2F2B4-83BF-412A-8571-F5BFAB2FAD98}
	EndGlobalSection
EndGlobal
